
Microsoft Visual Studio Solution File, Format Version 12.00
# Visual Studio Version 17
VisualStudioVersion = 17.5.33424.131
MinimumVisualStudioVersion = 10.0.40219.1
Project("{9A19103F-16F7-4668-BE54-9A1E7A4F7556}") = "SYSTEMATIC.DB", "SYSTEMATIC.DB\SYSTEMATIC.DB.csproj", "{A8756750-85A2-4A3A-BC5E-2E8914EB8C4F}"
EndProject
Project("{9A19103F-16F7-4668-BE54-9A1E7A4F7556}") = "SYSTEMATIC.TESTS", "SYSTEMATIC.TESTS\SYSTEMATIC.TESTS.csproj", "{EADE9469-082F-450D-872B-290B6FCFDCF3}"
EndProject
Project("{9A19103F-16F7-4668-BE54-9A1E7A4F7556}") = "SYSTEMATIC.INFRASTRUCTURE", "SYSTEMATIC.INFRASTRUCTURE\SYSTEMATIC.INFRASTRUCTURE.csproj", "{46E34C30-8326-463D-825F-C326670CB7B0}"
EndProject
Project("{9A19103F-16F7-4668-BE54-9A1E7A4F7556}") = "SYSTEMATIC.API", "SYSTEMATIC.API\SYSTEMATIC.API.csproj", "{DEC084F1-81EF-41CB-A4D4-3E2CCEC6A97F}"
EndProject
Global
	GlobalSection(SolutionConfigurationPlatforms) = preSolution
		Debug|Any CPU = Debug|Any CPU
		Release|Any CPU = Release|Any CPU
	EndGlobalSection
	GlobalSection(ProjectConfigurationPlatforms) = postSolution
		{A8756750-85A2-4A3A-BC5E-2E8914EB8C4F}.Debug|Any CPU.ActiveCfg = Debug|Any CPU
		{A8756750-85A2-4A3A-BC5E-2E8914EB8C4F}.Debug|Any CPU.Build.0 = Debug|Any CPU
		{A8756750-85A2-4A3A-BC5E-2E8914EB8C4F}.Release|Any CPU.ActiveCfg = Release|Any CPU
		{A8756750-85A2-4A3A-BC5E-2E8914EB8C4F}.Release|Any CPU.Build.0 = Release|Any CPU
		{EADE9469-082F-450D-872B-290B6FCFDCF3}.Debug|Any CPU.ActiveCfg = Debug|Any CPU
		{EADE9469-082F-450D-872B-290B6FCFDCF3}.Debug|Any CPU.Build.0 = Debug|Any CPU
		{EADE9469-082F-450D-872B-290B6FCFDCF3}.Release|Any CPU.ActiveCfg = Release|Any CPU
		{EADE9469-082F-450D-872B-290B6FCFDCF3}.Release|Any CPU.Build.0 = Release|Any CPU
		{46E34C30-8326-463D-825F-C326670CB7B0}.Debug|Any CPU.ActiveCfg = Debug|Any CPU
		{46E34C30-8326-463D-825F-C326670CB7B0}.Debug|Any CPU.Build.0 = Debug|Any CPU
		{46E34C30-8326-463D-825F-C326670CB7B0}.Release|Any CPU.ActiveCfg = Release|Any CPU
		{46E34C30-8326-463D-825F-C326670CB7B0}.Release|Any CPU.Build.0 = Release|Any CPU
		{DEC084F1-81EF-41CB-A4D4-3E2CCEC6A97F}.Debug|Any CPU.ActiveCfg = Debug|Any CPU
		{DEC084F1-81EF-41CB-A4D4-3E2CCEC6A97F}.Debug|Any CPU.Build.0 = Debug|Any CPU
		{DEC084F1-81EF-41CB-A4D4-3E2CCEC6A97F}.Release|Any CPU.ActiveCfg = Release|Any CPU
		{DEC084F1-81EF-41CB-A4D4-3E2CCEC6A97F}.Release|Any CPU.Build.0 = Release|Any CPU
	EndGlobalSection
	GlobalSection(SolutionProperties) = preSolution
		HideSolutionNode = FALSE
	EndGlobalSection
	GlobalSection(ExtensibilityGlobals) = postSolution
		SolutionGuid = {D1DE8887-A568-416D-A3AF-B800C81C78B3}
	EndGlobalSection
EndGlobal
