
Microsoft Visual Studio Solution File, Format Version 12.00
# Visual Studio Version 17
VisualStudioVersion = 17.5.33424.131
MinimumVisualStudioVersion = 10.0.40219.1
Project("{FAE04EC0-301F-11D3-BF4B-00C04F79EFBC}") = "SYSTEMATIC.API", "SYSTEMATIC\SYSTEMATIC.API.csproj", "{C7108DA5-E272-4BDC-A5F5-87E85581657B}"
EndProject
Project("{FAE04EC0-301F-11D3-BF4B-00C04F79EFBC}") = "SYSTEMATIC.DB", "SYSTEMATIC.DB\SYSTEMATIC.DB.csproj", "{A8756750-85A2-4A3A-BC5E-2E8914EB8C4F}"
EndProject
Project("{FAE04EC0-301F-11D3-BF4B-00C04F79EFBC}") = "SYSTEMATIC.TESTS", "SYSTEMATIC.TESTS\SYSTEMATIC.TESTS.csproj", "{EADE9469-082F-450D-872B-290B6FCFDCF3}"
EndProject
Global
	GlobalSection(SolutionConfigurationPlatforms) = preSolution
		Debug|Any CPU = Debug|Any CPU
		Release|Any CPU = Release|Any CPU
	EndGlobalSection
	GlobalSection(ProjectConfigurationPlatforms) = postSolution
		{C7108DA5-E272-4BDC-A5F5-87E85581657B}.Debug|Any CPU.ActiveCfg = Debug|Any CPU
		{C7108DA5-E272-4BDC-A5F5-87E85581657B}.Debug|Any CPU.Build.0 = Debug|Any CPU
		{C7108DA5-E272-4BDC-A5F5-87E85581657B}.Release|Any CPU.ActiveCfg = Release|Any CPU
		{C7108DA5-E272-4BDC-A5F5-87E85581657B}.Release|Any CPU.Build.0 = Release|Any CPU
		{A8756750-85A2-4A3A-BC5E-2E8914EB8C4F}.Debug|Any CPU.ActiveCfg = Debug|Any CPU
		{A8756750-85A2-4A3A-BC5E-2E8914EB8C4F}.Debug|Any CPU.Build.0 = Debug|Any CPU
		{A8756750-85A2-4A3A-BC5E-2E8914EB8C4F}.Release|Any CPU.ActiveCfg = Release|Any CPU
		{A8756750-85A2-4A3A-BC5E-2E8914EB8C4F}.Release|Any CPU.Build.0 = Release|Any CPU
		{EADE9469-082F-450D-872B-290B6FCFDCF3}.Debug|Any CPU.ActiveCfg = Debug|Any CPU
		{EADE9469-082F-450D-872B-290B6FCFDCF3}.Debug|Any CPU.Build.0 = Debug|Any CPU
		{EADE9469-082F-450D-872B-290B6FCFDCF3}.Release|Any CPU.ActiveCfg = Release|Any CPU
		{EADE9469-082F-450D-872B-290B6FCFDCF3}.Release|Any CPU.Build.0 = Release|Any CPU
	EndGlobalSection
	GlobalSection(SolutionProperties) = preSolution
		HideSolutionNode = FALSE
	EndGlobalSection
	GlobalSection(ExtensibilityGlobals) = postSolution
		SolutionGuid = {D1DE8887-A568-416D-A3AF-B800C81C78B3}
	EndGlobalSection
EndGlobal
